
Microsoft Visual Studio Solution File, Format Version 12.00
# Visual Studio Version 17
VisualStudioVersion = 17.2.32519.379
MinimumVisualStudioVersion = 10.0.40219.1
Project("{FAE04EC0-301F-11D3-BF4B-00C04F79EFBC}") = "Task1", "Task1\Task1.csproj", "{0BECDFD9-AD66-4E57-B747-16A291EB97D1}"
EndProject
Global
	GlobalSection(SolutionConfigurationPlatforms) = preSolution
		Debug|Any CPU = Debug|Any CPU
		Release|Any CPU = Release|Any CPU
	EndGlobalSection
	GlobalSection(ProjectConfigurationPlatforms) = postSolution
		{0BECDFD9-AD66-4E57-B747-16A291EB97D1}.Debug|Any CPU.ActiveCfg = Debug|Any CPU
		{0BECDFD9-AD66-4E57-B747-16A291EB97D1}.Debug|Any CPU.Build.0 = Debug|Any CPU
		{0BECDFD9-AD66-4E57-B747-16A291EB97D1}.Release|Any CPU.ActiveCfg = Release|Any CPU
		{0BECDFD9-AD66-4E57-B747-16A291EB97D1}.Release|Any CPU.Build.0 = Release|Any CPU
	EndGlobalSection
	GlobalSection(SolutionProperties) = preSolution
		HideSolutionNode = FALSE
	EndGlobalSection
	GlobalSection(ExtensibilityGlobals) = postSolution
		SolutionGuid = {ABB16588-FCDE-423B-8A20-49C29B887B46}
	EndGlobalSection
EndGlobal
